
Microsoft Visual Studio Solution File, Format Version 12.00
# Visual Studio Version 17
VisualStudioVersion = 17.7.34202.233
MinimumVisualStudioVersion = 10.0.40219.1
Project("{FAE04EC0-301F-11D3-BF4B-00C04F79EFBC}") = "Git_seged_3", "Git_seged_3\Git_seged_3.csproj", "{31F23533-148F-4B2F-8688-32040ABEFF1D}"
EndProject
Global
	GlobalSection(SolutionConfigurationPlatforms) = preSolution
		Debug|Any CPU = Debug|Any CPU
		Release|Any CPU = Release|Any CPU
	EndGlobalSection
	GlobalSection(ProjectConfigurationPlatforms) = postSolution
		{31F23533-148F-4B2F-8688-32040ABEFF1D}.Debug|Any CPU.ActiveCfg = Debug|Any CPU
		{31F23533-148F-4B2F-8688-32040ABEFF1D}.Debug|Any CPU.Build.0 = Debug|Any CPU
		{31F23533-148F-4B2F-8688-32040ABEFF1D}.Release|Any CPU.ActiveCfg = Release|Any CPU
		{31F23533-148F-4B2F-8688-32040ABEFF1D}.Release|Any CPU.Build.0 = Release|Any CPU
	EndGlobalSection
	GlobalSection(SolutionProperties) = preSolution
		HideSolutionNode = FALSE
	EndGlobalSection
	GlobalSection(ExtensibilityGlobals) = postSolution
		SolutionGuid = {2A2A66C9-A326-48B8-97E7-51E896EE791E}
	EndGlobalSection
EndGlobal
